
Microsoft Visual Studio Solution File, Format Version 12.00
# Visual Studio Version 16
VisualStudioVersion = 16.0.29709.97
MinimumVisualStudioVersion = 10.0.40219.1
Project("{FAE04EC0-301F-11D3-BF4B-00C04F79EFBC}") = "FutureValue", "FutureValue.csproj", "{4AC61EA3-8FC1-4FCC-B2AD-C20B08E60EE2}"
EndProject
Global
	GlobalSection(SolutionConfigurationPlatforms) = preSolution
		Debug|Any CPU = Debug|Any CPU
		Release|Any CPU = Release|Any CPU
	EndGlobalSection
	GlobalSection(ProjectConfigurationPlatforms) = postSolution
		{4AC61EA3-8FC1-4FCC-B2AD-C20B08E60EE2}.Debug|Any CPU.ActiveCfg = Debug|Any CPU
		{4AC61EA3-8FC1-4FCC-B2AD-C20B08E60EE2}.Debug|Any CPU.Build.0 = Debug|Any CPU
		{4AC61EA3-8FC1-4FCC-B2AD-C20B08E60EE2}.Release|Any CPU.ActiveCfg = Release|Any CPU
		{4AC61EA3-8FC1-4FCC-B2AD-C20B08E60EE2}.Release|Any CPU.Build.0 = Release|Any CPU
	EndGlobalSection
	GlobalSection(SolutionProperties) = preSolution
		HideSolutionNode = FALSE
	EndGlobalSection
	GlobalSection(ExtensibilityGlobals) = postSolution
		SolutionGuid = {D3AE6B9E-5565-459F-916D-CB3908D00DF7}
	EndGlobalSection
EndGlobal
